
Microsoft Visual Studio Solution File, Format Version 12.00
# Visual Studio Version 17
VisualStudioVersion = 17.11.35222.181
MinimumVisualStudioVersion = 10.0.40219.1
Project("{FAE04EC0-301F-11D3-BF4B-00C04F79EFBC}") = "Calculadora", "Calculadora.csproj", "{02BCC99D-C758-45A7-B2B9-49E5594906B0}"
EndProject
Global
	GlobalSection(SolutionConfigurationPlatforms) = preSolution
		Debug|Any CPU = Debug|Any CPU
		Release|Any CPU = Release|Any CPU
	EndGlobalSection
	GlobalSection(ProjectConfigurationPlatforms) = postSolution
		{02BCC99D-C758-45A7-B2B9-49E5594906B0}.Debug|Any CPU.ActiveCfg = Debug|Any CPU
		{02BCC99D-C758-45A7-B2B9-49E5594906B0}.Debug|Any CPU.Build.0 = Debug|Any CPU
		{02BCC99D-C758-45A7-B2B9-49E5594906B0}.Release|Any CPU.ActiveCfg = Release|Any CPU
		{02BCC99D-C758-45A7-B2B9-49E5594906B0}.Release|Any CPU.Build.0 = Release|Any CPU
	EndGlobalSection
	GlobalSection(SolutionProperties) = preSolution
		HideSolutionNode = FALSE
	EndGlobalSection
	GlobalSection(ExtensibilityGlobals) = postSolution
		SolutionGuid = {1BA7F598-17EE-4B7A-9D1E-6A6013B5B288}
	EndGlobalSection
EndGlobal
