
Microsoft Visual Studio Solution File, Format Version 12.00
# Visual Studio Version 17
VisualStudioVersion = 17.11.35222.181
MinimumVisualStudioVersion = 10.0.40219.1
Project("{FAE04EC0-301F-11D3-BF4B-00C04F79EFBC}") = "Ejercicios_Guia5", "Ejercicios_Guia5.csproj", "{D51453BA-9FCF-4300-95C1-808C44620C3A}"
EndProject
Global
	GlobalSection(SolutionConfigurationPlatforms) = preSolution
		Debug|Any CPU = Debug|Any CPU
		Release|Any CPU = Release|Any CPU
	EndGlobalSection
	GlobalSection(ProjectConfigurationPlatforms) = postSolution
		{D51453BA-9FCF-4300-95C1-808C44620C3A}.Debug|Any CPU.ActiveCfg = Debug|Any CPU
		{D51453BA-9FCF-4300-95C1-808C44620C3A}.Debug|Any CPU.Build.0 = Debug|Any CPU
		{D51453BA-9FCF-4300-95C1-808C44620C3A}.Release|Any CPU.ActiveCfg = Release|Any CPU
		{D51453BA-9FCF-4300-95C1-808C44620C3A}.Release|Any CPU.Build.0 = Release|Any CPU
	EndGlobalSection
	GlobalSection(SolutionProperties) = preSolution
		HideSolutionNode = FALSE
	EndGlobalSection
	GlobalSection(ExtensibilityGlobals) = postSolution
		SolutionGuid = {A778B664-EE46-4B32-AA6F-442523494A0C}
	EndGlobalSection
EndGlobal
